
Microsoft Visual Studio Solution File, Format Version 12.00
# Visual Studio Version 17
VisualStudioVersion = 17.6.33829.357
MinimumVisualStudioVersion = 10.0.40219.1
Project("{9A19103F-16F7-4668-BE54-9A1E7A4F7556}") = "V59Z7I_SOF_2023241", "V59Z7I_SOF_2023241.csproj", "{F1134895-D6A1-4CDC-A20F-58CB4E42A9C4}"
EndProject
Project("{FAE04EC0-301F-11D3-BF4B-00C04F79EFBC}") = "EcommerceStoreUI", "..\EcommerceStoreUI\EcommerceStoreUI.csproj", "{886F6D7D-157C-49D8-A7D5-D86689106A9B}"
EndProject
Global
	GlobalSection(SolutionConfigurationPlatforms) = preSolution
		Debug|Any CPU = Debug|Any CPU
		Release|Any CPU = Release|Any CPU
	EndGlobalSection
	GlobalSection(ProjectConfigurationPlatforms) = postSolution
		{F1134895-D6A1-4CDC-A20F-58CB4E42A9C4}.Debug|Any CPU.ActiveCfg = Debug|Any CPU
		{F1134895-D6A1-4CDC-A20F-58CB4E42A9C4}.Debug|Any CPU.Build.0 = Debug|Any CPU
		{F1134895-D6A1-4CDC-A20F-58CB4E42A9C4}.Release|Any CPU.ActiveCfg = Release|Any CPU
		{F1134895-D6A1-4CDC-A20F-58CB4E42A9C4}.Release|Any CPU.Build.0 = Release|Any CPU
		{886F6D7D-157C-49D8-A7D5-D86689106A9B}.Debug|Any CPU.ActiveCfg = Debug|Any CPU
		{886F6D7D-157C-49D8-A7D5-D86689106A9B}.Debug|Any CPU.Build.0 = Debug|Any CPU
		{886F6D7D-157C-49D8-A7D5-D86689106A9B}.Release|Any CPU.ActiveCfg = Release|Any CPU
		{886F6D7D-157C-49D8-A7D5-D86689106A9B}.Release|Any CPU.Build.0 = Release|Any CPU
	EndGlobalSection
	GlobalSection(SolutionProperties) = preSolution
		HideSolutionNode = FALSE
	EndGlobalSection
	GlobalSection(ExtensibilityGlobals) = postSolution
		SolutionGuid = {0B69AE8A-4552-443D-B90D-EF7B951E3280}
	EndGlobalSection
EndGlobal
